// !$*UTF8*$!
{
	archiveVersion = 1;
	classes = {
	};
	objectVersion = 46;
	objects = {

/* Begin PBXBuildFile section */
		2019066819DEDC3E0066A962 /* OpenGL.framework in Frameworks */ = {isa = PBXBuildFile; fileRef = 2019066719DEDC3E0066A962 /* OpenGL.framework */; };
		20AB278319DEF12000CA569C /* libfmodex.dylib in Frameworks */ = {isa = PBXBuildFile; fileRef = 20AB277319DEF12000CA569C /* libfmodex.dylib */; };
		20AB278419DEF12000CA569C /* libsfml-audio.2.1.dylib in Frameworks */ = {isa = PBXBuildFile; fileRef = 20AB277419DEF12000CA569C /* libsfml-audio.2.1.dylib */; };
		20AB278519DEF12000CA569C /* libsfml-audio.2.dylib in Frameworks */ = {isa = PBXBuildFile; fileRef = 20AB277519DEF12000CA569C /* libsfml-audio.2.dylib */; };
		20AB278619DEF12000CA569C /* libsfml-audio.dylib in Frameworks */ = {isa = PBXBuildFile; fileRef = 20AB277619DEF12000CA569C /* libsfml-audio.dylib */; };
		20AB278719DEF12000CA569C /* libsfml-graphics.2.1.dylib in Frameworks */ = {isa = PBXBuildFile; fileRef = 20AB277719DEF12000CA569C /* libsfml-graphics.2.1.dylib */; };
		20AB278819DEF12000CA569C /* libsfml-graphics.2.dylib in Frameworks */ = {isa = PBXBuildFile; fileRef = 20AB277819DEF12000CA569C /* libsfml-graphics.2.dylib */; };
		20AB278919DEF12000CA569C /* libsfml-graphics.dylib in Frameworks */ = {isa = PBXBuildFile; fileRef = 20AB277919DEF12000CA569C /* libsfml-graphics.dylib */; };
		20AB278A19DEF12000CA569C /* libsfml-network.2.1.dylib in Frameworks */ = {isa = PBXBuildFile; fileRef = 20AB277A19DEF12000CA569C /* libsfml-network.2.1.dylib */; };
		20AB278B19DEF12000CA569C /* libsfml-network.2.dylib in Frameworks */ = {isa = PBXBuildFile; fileRef = 20AB277B19DEF12000CA569C /* libsfml-network.2.dylib */; };
		20AB278C19DEF12000CA569C /* libsfml-network.dylib in Frameworks */ = {isa = PBXBuildFile; fileRef = 20AB277C19DEF12000CA569C /* libsfml-network.dylib */; };
		20AB278D19DEF12000CA569C /* libsfml-system.2.1.dylib in Frameworks */ = {isa = PBXBuildFile; fileRef = 20AB277D19DEF12000CA569C /* libsfml-system.2.1.dylib */; };
		20AB278E19DEF12000CA569C /* libsfml-system.2.dylib in Frameworks */ = {isa = PBXBuildFile; fileRef = 20AB277E19DEF12000CA569C /* libsfml-system.2.dylib */; };
		20AB278F19DEF12000CA569C /* libsfml-system.dylib in Frameworks */ = {isa = PBXBuildFile; fileRef = 20AB277F19DEF12000CA569C /* libsfml-system.dylib */; };
		20AB279019DEF12000CA569C /* libsfml-window.2.1.dylib in Frameworks */ = {isa = PBXBuildFile; fileRef = 20AB278019DEF12000CA569C /* libsfml-window.2.1.dylib */; };
		20AB279119DEF12000CA569C /* libsfml-window.2.dylib in Frameworks */ = {isa = PBXBuildFile; fileRef = 20AB278119DEF12000CA569C /* libsfml-window.2.dylib */; };
		20AB279219DEF12000CA569C /* libsfml-window.dylib in Frameworks */ = {isa = PBXBuildFile; fileRef = 20AB278219DEF12000CA569C /* libsfml-window.dylib */; };
		20AB279819DEF13A00CA569C /* board.cpp in Sources */ = {isa = PBXBuildFile; fileRef = 20AB279319DEF13A00CA569C /* board.cpp */; };
		20AB279919DEF13A00CA569C /* main.cpp in Sources */ = {isa = PBXBuildFile; fileRef = 20AB279519DEF13A00CA569C /* main.cpp */; };
		20AB279A19DEF13A00CA569C /* renderer.cpp in Sources */ = {isa = PBXBuildFile; fileRef = 20AB279619DEF13A00CA569C /* renderer.cpp */; };
		20AB279D19DEF31900CA569C /* sound.cpp in Sources */ = {isa = PBXBuildFile; fileRef = 20AB279B19DEF31900CA569C /* sound.cpp */; };
/* End PBXBuildFile section */

/* Begin PBXCopyFilesBuildPhase section */
		20F5DB8819D4D97B008D52A3 /* CopyFiles */ = {
			isa = PBXCopyFilesBuildPhase;
			buildActionMask = 2147483647;
			dstPath = /usr/share/man/man1/;
			dstSubfolderSpec = 0;
			files = (
			);
			runOnlyForDeploymentPostprocessing = 1;
		};
/* End PBXCopyFilesBuildPhase section */

/* Begin PBXFileReference section */
		2019066719DEDC3E0066A962 /* OpenGL.framework */ = {isa = PBXFileReference; lastKnownFileType = wrapper.framework; name = OpenGL.framework; path = System/Library/Frameworks/OpenGL.framework; sourceTree = SDKROOT; };
		20AB277319DEF12000CA569C /* libfmodex.dylib */ = {isa = PBXFileReference; lastKnownFileType = "compiled.mach-o.dylib"; name = libfmodex.dylib; path = libs/libfmodex.dylib; sourceTree = "<group>"; };
		20AB277419DEF12000CA569C /* libsfml-audio.2.1.dylib */ = {isa = PBXFileReference; lastKnownFileType = "compiled.mach-o.dylib"; name = "libsfml-audio.2.1.dylib"; path = "libs/libsfml-audio.2.1.dylib"; sourceTree = "<group>"; };
		20AB277519DEF12000CA569C /* libsfml-audio.2.dylib */ = {isa = PBXFileReference; lastKnownFileType = "compiled.mach-o.dylib"; name = "libsfml-audio.2.dylib"; path = "libs/libsfml-audio.2.dylib"; sourceTree = "<group>"; };
		20AB277619DEF12000CA569C /* libsfml-audio.dylib */ = {isa = PBXFileReference; lastKnownFileType = "compiled.mach-o.dylib"; name = "libsfml-audio.dylib"; path = "libs/libsfml-audio.dylib"; sourceTree = "<group>"; };
		20AB277719DEF12000CA569C /* libsfml-graphics.2.1.dylib */ = {isa = PBXFileReference; lastKnownFileType = "compiled.mach-o.dylib"; name = "libsfml-graphics.2.1.dylib"; path = "libs/libsfml-graphics.2.1.dylib"; sourceTree = "<group>"; };
		20AB277819DEF12000CA569C /* libsfml-graphics.2.dylib */ = {isa = PBXFileReference; lastKnownFileType = "compiled.mach-o.dylib"; name = "libsfml-graphics.2.dylib"; path = "libs/libsfml-graphics.2.dylib"; sourceTree = "<group>"; };
		20AB277919DEF12000CA569C /* libsfml-graphics.dylib */ = {isa = PBXFileReference; lastKnownFileType = "compiled.mach-o.dylib"; name = "libsfml-graphics.dylib"; path = "libs/libsfml-graphics.dylib"; sourceTree = "<group>"; };
		20AB277A19DEF12000CA569C /* libsfml-network.2.1.dylib */ = {isa = PBXFileReference; lastKnownFileType = "compiled.mach-o.dylib"; name = "libsfml-network.2.1.dylib"; path = "libs/libsfml-network.2.1.dylib"; sourceTree = "<group>"; };
		20AB277B19DEF12000CA569C /* libsfml-network.2.dylib */ = {isa = PBXFileReference; lastKnownFileType = "compiled.mach-o.dylib"; name = "libsfml-network.2.dylib"; path = "libs/libsfml-network.2.dylib"; sourceTree = "<group>"; };
		20AB277C19DEF12000CA569C /* libsfml-network.dylib */ = {isa = PBXFileReference; lastKnownFileType = "compiled.mach-o.dylib"; name = "libsfml-network.dylib"; path = "libs/libsfml-network.dylib"; sourceTree = "<group>"; };
		20AB277D19DEF12000CA569C /* libsfml-system.2.1.dylib */ = {isa = PBXFileReference; lastKnownFileType = "compiled.mach-o.dylib"; name = "libsfml-system.2.1.dylib"; path = "libs/libsfml-system.2.1.dylib"; sourceTree = "<group>"; };
		20AB277E19DEF12000CA569C /* libsfml-system.2.dylib */ = {isa = PBXFileReference; lastKnownFileType = "compiled.mach-o.dylib"; name = "libsfml-system.2.dylib"; path = "libs/libsfml-system.2.dylib"; sourceTree = "<group>"; };
		20AB277F19DEF12000CA569C /* libsfml-system.dylib */ = {isa = PBXFileReference; lastKnownFileType = "compiled.mach-o.dylib"; name = "libsfml-system.dylib"; path = "libs/libsfml-system.dylib"; sourceTree = "<group>"; };
		20AB278019DEF12000CA569C /* libsfml-window.2.1.dylib */ = {isa = PBXFileReference; lastKnownFileType = "compiled.mach-o.dylib"; name = "libsfml-window.2.1.dylib"; path = "libs/libsfml-window.2.1.dylib"; sourceTree = "<group>"; };
		20AB278119DEF12000CA569C /* libsfml-window.2.dylib */ = {isa = PBXFileReference; lastKnownFileType = "compiled.mach-o.dylib"; name = "libsfml-window.2.dylib"; path = "libs/libsfml-window.2.dylib"; sourceTree = "<group>"; };
		20AB278219DEF12000CA569C /* libsfml-window.dylib */ = {isa = PBXFileReference; lastKnownFileType = "compiled.mach-o.dylib"; name = "libsfml-window.dylib"; path = "libs/libsfml-window.dylib"; sourceTree = "<group>"; };
		20AB279319DEF13A00CA569C /* board.cpp */ = {isa = PBXFileReference; fileEncoding = 4; lastKnownFileType = sourcecode.cpp.cpp; name = board.cpp; path = src/board.cpp; sourceTree = SOURCE_ROOT; };
		20AB279419DEF13A00CA569C /* board.h */ = {isa = PBXFileReference; fileEncoding = 4; lastKnownFileType = sourcecode.c.h; name = board.h; path = src/board.h; sourceTree = SOURCE_ROOT; };
		20AB279519DEF13A00CA569C /* main.cpp */ = {isa = PBXFileReference; fileEncoding = 4; lastKnownFileType = sourcecode.cpp.cpp; name = main.cpp; path = src/main.cpp; sourceTree = SOURCE_ROOT; };
		20AB279619DEF13A00CA569C /* renderer.cpp */ = {isa = PBXFileReference; fileEncoding = 4; lastKnownFileType = sourcecode.cpp.cpp; name = renderer.cpp; path = src/renderer.cpp; sourceTree = SOURCE_ROOT; };
		20AB279719DEF13A00CA569C /* renderer.h */ = {isa = PBXFileReference; fileEncoding = 4; lastKnownFileType = sourcecode.c.h; name = renderer.h; path = src/renderer.h; sourceTree = SOURCE_ROOT; };
		20AB279B19DEF31900CA569C /* sound.cpp */ = {isa = PBXFileReference; fileEncoding = 4; lastKnownFileType = sourcecode.cpp.cpp; name = sound.cpp; path = src/sound.cpp; sourceTree = SOURCE_ROOT; };
		20AB279C19DEF31900CA569C /* sound.h */ = {isa = PBXFileReference; fileEncoding = 4; lastKnownFileType = sourcecode.c.h; name = sound.h; path = src/sound.h; sourceTree = SOURCE_ROOT; };
		20B5A18719EDE50B009DD76F /* vector.h */ = {isa = PBXFileReference; fileEncoding = 4; lastKnownFileType = sourcecode.c.h; name = vector.h; path = src/vector.h; sourceTree = SOURCE_ROOT; };
		20F5DB8A19D4D97B008D52A3 /* ordo */ = {isa = PBXFileReference; explicitFileType = "compiled.mach-o.executable"; includeInIndex = 0; path = ordo; sourceTree = BUILT_PRODUCTS_DIR; };
/* End PBXFileReference section */

/* Begin PBXFrameworksBuildPhase section */
		20F5DB8719D4D97B008D52A3 /* Frameworks */ = {
			isa = PBXFrameworksBuildPhase;
			buildActionMask = 2147483647;
			files = (
				20AB278819DEF12000CA569C /* libsfml-graphics.2.dylib in Frameworks */,
				2019066819DEDC3E0066A962 /* OpenGL.framework in Frameworks */,
				20AB278419DEF12000CA569C /* libsfml-audio.2.1.dylib in Frameworks */,
				20AB278B19DEF12000CA569C /* libsfml-network.2.dylib in Frameworks */,
				20AB278D19DEF12000CA569C /* libsfml-system.2.1.dylib in Frameworks */,
				20AB278F19DEF12000CA569C /* libsfml-system.dylib in Frameworks */,
				20AB279119DEF12000CA569C /* libsfml-window.2.dylib in Frameworks */,
				20AB278719DEF12000CA569C /* libsfml-graphics.2.1.dylib in Frameworks */,
				20AB278319DEF12000CA569C /* libfmodex.dylib in Frameworks */,
				20AB278A19DEF12000CA569C /* libsfml-network.2.1.dylib in Frameworks */,
				20AB278519DEF12000CA569C /* libsfml-audio.2.dylib in Frameworks */,
				20AB278619DEF12000CA569C /* libsfml-audio.dylib in Frameworks */,
				20AB278E19DEF12000CA569C /* libsfml-system.2.dylib in Frameworks */,
				20AB279219DEF12000CA569C /* libsfml-window.dylib in Frameworks */,
				20AB279019DEF12000CA569C /* libsfml-window.2.1.dylib in Frameworks */,
				20AB278919DEF12000CA569C /* libsfml-graphics.dylib in Frameworks */,
				20AB278C19DEF12000CA569C /* libsfml-network.dylib in Frameworks */,
			);
			runOnlyForDeploymentPostprocessing = 0;
		};
/* End PBXFrameworksBuildPhase section */

/* Begin PBXGroup section */
		20AB276C19DEEEAA00CA569C /* libs */ = {
			isa = PBXGroup;
			children = (
				20AB277319DEF12000CA569C /* libfmodex.dylib */,
				20AB277419DEF12000CA569C /* libsfml-audio.2.1.dylib */,
				20AB277519DEF12000CA569C /* libsfml-audio.2.dylib */,
				20AB277619DEF12000CA569C /* libsfml-audio.dylib */,
				20AB277719DEF12000CA569C /* libsfml-graphics.2.1.dylib */,
				20AB277819DEF12000CA569C /* libsfml-graphics.2.dylib */,
				20AB277919DEF12000CA569C /* libsfml-graphics.dylib */,
				20AB277A19DEF12000CA569C /* libsfml-network.2.1.dylib */,
				20AB277B19DEF12000CA569C /* libsfml-network.2.dylib */,
				20AB277C19DEF12000CA569C /* libsfml-network.dylib */,
				20AB277D19DEF12000CA569C /* libsfml-system.2.1.dylib */,
				20AB277E19DEF12000CA569C /* libsfml-system.2.dylib */,
				20AB277F19DEF12000CA569C /* libsfml-system.dylib */,
				20AB278019DEF12000CA569C /* libsfml-window.2.1.dylib */,
				20AB278119DEF12000CA569C /* libsfml-window.2.dylib */,
				20AB278219DEF12000CA569C /* libsfml-window.dylib */,
				2019066719DEDC3E0066A962 /* OpenGL.framework */,
			);
			name = libs;
			sourceTree = "<group>";
		};
		20F5DB8119D4D97B008D52A3 = {
			isa = PBXGroup;
			children = (
				20AB276C19DEEEAA00CA569C /* libs */,
				20F5DB8C19D4D97B008D52A3 /* ordo */,
				20F5DB8B19D4D97B008D52A3 /* Products */,
			);
			sourceTree = "<group>";
		};
		20F5DB8B19D4D97B008D52A3 /* Products */ = {
			isa = PBXGroup;
			children = (
				20F5DB8A19D4D97B008D52A3 /* ordo */,
			);
			name = Products;
			sourceTree = "<group>";
		};
		20F5DB8C19D4D97B008D52A3 /* ordo */ = {
			isa = PBXGroup;
			children = (
				20B5A18719EDE50B009DD76F /* vector.h */,
				20AB279419DEF13A00CA569C /* board.h */,
				20AB279319DEF13A00CA569C /* board.cpp */,
				20AB279719DEF13A00CA569C /* renderer.h */,
				20AB279619DEF13A00CA569C /* renderer.cpp */,
				20AB279C19DEF31900CA569C /* sound.h */,
				20AB279B19DEF31900CA569C /* sound.cpp */,
				20AB279519DEF13A00CA569C /* main.cpp */,
			);
			path = ordo;
			sourceTree = "<group>";
		};
/* End PBXGroup section */

/* Begin PBXNativeTarget section */
		20F5DB8919D4D97B008D52A3 /* ordo */ = {
			isa = PBXNativeTarget;
			buildConfigurationList = 20F5DB9119D4D97B008D52A3 /* Build configuration list for PBXNativeTarget "ordo" */;
			buildPhases = (
				20F5DB8619D4D97B008D52A3 /* Sources */,
				20F5DB8719D4D97B008D52A3 /* Frameworks */,
				20F5DB8819D4D97B008D52A3 /* CopyFiles */,
			);
			buildRules = (
			);
			dependencies = (
			);
			name = ordo;
			productName = ordo;
			productReference = 20F5DB8A19D4D97B008D52A3 /* ordo */;
			productType = "com.apple.product-type.tool";
		};
/* End PBXNativeTarget section */

/* Begin PBXProject section */
		20F5DB8219D4D97B008D52A3 /* Project object */ = {
			isa = PBXProject;
			attributes = {
				LastUpgradeCheck = 0600;
				ORGANIZATIONNAME = "Tobias Gurdan";
				TargetAttributes = {
					20F5DB8919D4D97B008D52A3 = {
						CreatedOnToolsVersion = 6.0.1;
					};
				};
			};
			buildConfigurationList = 20F5DB8519D4D97B008D52A3 /* Build configuration list for PBXProject "ordo" */;
			compatibilityVersion = "Xcode 3.2";
			developmentRegion = English;
			hasScannedForEncodings = 0;
			knownRegions = (
				en,
			);
			mainGroup = 20F5DB8119D4D97B008D52A3;
			productRefGroup = 20F5DB8B19D4D97B008D52A3 /* Products */;
			projectDirPath = "";
			projectRoot = "";
			targets = (
				20F5DB8919D4D97B008D52A3 /* ordo */,
			);
		};
/* End PBXProject section */

/* Begin PBXSourcesBuildPhase section */
		20F5DB8619D4D97B008D52A3 /* Sources */ = {
			isa = PBXSourcesBuildPhase;
			buildActionMask = 2147483647;
			files = (
				20AB279919DEF13A00CA569C /* main.cpp in Sources */,
				20AB279A19DEF13A00CA569C /* renderer.cpp in Sources */,
				20AB279819DEF13A00CA569C /* board.cpp in Sources */,
				20AB279D19DEF31900CA569C /* sound.cpp in Sources */,
			);
			runOnlyForDeploymentPostprocessing = 0;
		};
/* End PBXSourcesBuildPhase section */

/* Begin XCBuildConfiguration section */
		20F5DB8F19D4D97B008D52A3 /* Debug */ = {
			isa = XCBuildConfiguration;
			buildSettings = {
				ALWAYS_SEARCH_USER_PATHS = NO;
				CLANG_CXX_LANGUAGE_STANDARD = "gnu++0x";
				CLANG_CXX_LIBRARY = "libc++";
				CLANG_ENABLE_MODULES = YES;
				CLANG_ENABLE_OBJC_ARC = YES;
				CLANG_WARN_BOOL_CONVERSION = YES;
				CLANG_WARN_CONSTANT_CONVERSION = YES;
				CLANG_WARN_DIRECT_OBJC_ISA_USAGE = YES_ERROR;
				CLANG_WARN_EMPTY_BODY = YES;
				CLANG_WARN_ENUM_CONVERSION = YES;
				CLANG_WARN_INT_CONVERSION = YES;
				CLANG_WARN_OBJC_ROOT_CLASS = YES_ERROR;
				CLANG_WARN_UNREACHABLE_CODE = YES;
				CLANG_WARN__DUPLICATE_METHOD_MATCH = YES;
				COPY_PHASE_STRIP = NO;
				ENABLE_STRICT_OBJC_MSGSEND = YES;
				GCC_C_LANGUAGE_STANDARD = gnu99;
				GCC_DYNAMIC_NO_PIC = NO;
				GCC_OPTIMIZATION_LEVEL = 0;
				GCC_PREPROCESSOR_DEFINITIONS = (
					"DEBUG=1",
					"$(inherited)",
				);
				GCC_SYMBOLS_PRIVATE_EXTERN = NO;
				GCC_WARN_64_TO_32_BIT_CONVERSION = YES;
				GCC_WARN_ABOUT_RETURN_TYPE = YES_ERROR;
				GCC_WARN_UNDECLARED_SELECTOR = YES;
				GCC_WARN_UNINITIALIZED_AUTOS = YES_AGGRESSIVE;
				GCC_WARN_UNUSED_FUNCTION = YES;
				GCC_WARN_UNUSED_VARIABLE = YES;
				HEADER_SEARCH_PATHS = (
					"$(inherited)",
					/Applications/Xcode.app/Contents/Developer/Toolchains/XcodeDefault.xctoolchain/usr/include,
					/usr/local/include,
				);
				LIBRARY_SEARCH_PATHS = /usr/local/lib;
				MACOSX_DEPLOYMENT_TARGET = 10.9;
				MTL_ENABLE_DEBUG_INFO = YES;
				ONLY_ACTIVE_ARCH = YES;
				SDKROOT = macosx;
			};
			name = Debug;
		};
		20F5DB9019D4D97B008D52A3 /* Release */ = {
			isa = XCBuildConfiguration;
			buildSettings = {
				ALWAYS_SEARCH_USER_PATHS = NO;
				CLANG_CXX_LANGUAGE_STANDARD = "gnu++0x";
				CLANG_CXX_LIBRARY = "libc++";
				CLANG_ENABLE_MODULES = YES;
				CLANG_ENABLE_OBJC_ARC = YES;
				CLANG_WARN_BOOL_CONVERSION = YES;
				CLANG_WARN_CONSTANT_CONVERSION = YES;
				CLANG_WARN_DIRECT_OBJC_ISA_USAGE = YES_ERROR;
				CLANG_WARN_EMPTY_BODY = YES;
				CLANG_WARN_ENUM_CONVERSION = YES;
				CLANG_WARN_INT_CONVERSION = YES;
				CLANG_WARN_OBJC_ROOT_CLASS = YES_ERROR;
				CLANG_WARN_UNREACHABLE_CODE = YES;
				CLANG_WARN__DUPLICATE_METHOD_MATCH = YES;
				COPY_PHASE_STRIP = YES;
				DEBUG_INFORMATION_FORMAT = "dwarf-with-dsym";
				ENABLE_NS_ASSERTIONS = NO;
				ENABLE_STRICT_OBJC_MSGSEND = YES;
				GCC_C_LANGUAGE_STANDARD = gnu99;
				GCC_WARN_64_TO_32_BIT_CONVERSION = YES;
				GCC_WARN_ABOUT_RETURN_TYPE = YES_ERROR;
				GCC_WARN_UNDECLARED_SELECTOR = YES;
				GCC_WARN_UNINITIALIZED_AUTOS = YES_AGGRESSIVE;
				GCC_WARN_UNUSED_FUNCTION = YES;
				GCC_WARN_UNUSED_VARIABLE = YES;
				HEADER_SEARCH_PATHS = (
					"$(inherited)",
					/Applications/Xcode.app/Contents/Developer/Toolchains/XcodeDefault.xctoolchain/usr/include,
					/usr/local/include,
				);
				LIBRARY_SEARCH_PATHS = /usr/local/lib;
				MACOSX_DEPLOYMENT_TARGET = 10.9;
				MTL_ENABLE_DEBUG_INFO = NO;
				SDKROOT = macosx;
			};
			name = Release;
		};
		20F5DB9219D4D97B008D52A3 /* Debug */ = {
			isa = XCBuildConfiguration;
			buildSettings = {
				CONFIGURATION_BUILD_DIR = ./;
				CONFIGURATION_TEMP_DIR = ./;
				FRAMEWORK_SEARCH_PATHS = (
					"$(inherited)",
					"$(LOCAL_LIBRARY_DIR)/Frameworks",
				);
				HEADER_SEARCH_PATHS = (
					"$(inherited)",
					/Applications/Xcode.app/Contents/Developer/Toolchains/XcodeDefault.xctoolchain/usr/include,
					/opt/local/include/,
					/usr/local/include/,
				);
				INSTALL_PATH = ./;
				LIBRARY_SEARCH_PATHS = (
					/opt/local/lib/,
					"$(PROJECT_DIR)",
					/usr/local/lib,
					"$(PROJECT_DIR)/libs",
				);
				OBJROOT = ./;
				PRODUCT_NAME = "$(TARGET_NAME)";
				SYMROOT = ./;
			};
			name = Debug;
		};
		20F5DB9319D4D97B008D52A3 /* Release */ = {
			isa = XCBuildConfiguration;
			buildSettings = {
				CONFIGURATION_BUILD_DIR = ./;
				CONFIGURATION_TEMP_DIR = ./;
				FRAMEWORK_SEARCH_PATHS = (
					"$(inherited)",
					"$(LOCAL_LIBRARY_DIR)/Frameworks",
				);
				HEADER_SEARCH_PATHS = (
					"$(inherited)",
					/Applications/Xcode.app/Contents/Developer/Toolchains/XcodeDefault.xctoolchain/usr/include,
					/opt/local/include/,
					/usr/local/include/,
				);
				INSTALL_PATH = ./;
				LIBRARY_SEARCH_PATHS = (
					/opt/local/lib/,
					"$(PROJECT_DIR)",
					/usr/local/lib,
					"$(PROJECT_DIR)/libs",
				);
				OBJROOT = ./;
				PRODUCT_NAME = "$(TARGET_NAME)";
				SYMROOT = ./;
			};
			name = Release;
		};
/* End XCBuildConfiguration section */

/* Begin XCConfigurationList section */
		20F5DB8519D4D97B008D52A3 /* Build configuration list for PBXProject "ordo" */ = {
			isa = XCConfigurationList;
			buildConfigurations = (
				20F5DB8F19D4D97B008D52A3 /* Debug */,
				20F5DB9019D4D97B008D52A3 /* Release */,
			);
			defaultConfigurationIsVisible = 0;
			defaultConfigurationName = Release;
		};
		20F5DB9119D4D97B008D52A3 /* Build configuration list for PBXNativeTarget "ordo" */ = {
			isa = XCConfigurationList;
			buildConfigurations = (
				20F5DB9219D4D97B008D52A3 /* Debug */,
				20F5DB9319D4D97B008D52A3 /* Release */,
			);
			defaultConfigurationIsVisible = 0;
			defaultConfigurationName = Release;
		};
/* End XCConfigurationList section */
	};
	rootObject = 20F5DB8219D4D97B008D52A3 /* Project object */;
}
